github.com/gorilla/mux v1.8.0 h1:i40aqfkR1h2SlN9hojwV5ZA91wcXFOvkdNIeFDP5koI=
github.com/gorilla/mux v1.8.0/go.mod h1:DVbg23sWSpFRCP0SfiEN6jmj59UnW/n46BH5rLB71So=
github.com/krakendio/bloomfilter/v2 v2.0.2 h1:zAysPVUNhxq6Y9E3/k0Lb0LfTZ0hjDLx7Heo17qB9Bk=
github.com/krakendio/bloomfilter/v2 v2.0.2/go.mod h1:BH9pmOLLllSAvtjuwA2Ythd7RE3lQdNr1sHK3f2dJok=
github.com/tmthrgd/atomics v0.0.0-20190904060638-dc7a5fcc7e0d h1:2QXSQjy/gDm0QeP9G9NaO9Hm2Cl1LAle4ZV0JeYK7XY=
github.com/tmthrgd/atomics v0.0.0-20190904060638-dc7a5fcc7e0d/go.mod h1:J2+dTgaX/1g3PkyL6sLBglBWfaLmAp5bQbRhSfKw9XI=
github.com/tmthrgd/go-bitset v0.0.0-20190904054048-394d9a556c05 h1:5jOF3BEex8XyBKMbaDUN1SiPQJRAKVuP24/sbwC2aWA=
github.com/tmthrgd/go-bitset v0.0.0-20190904054048-394d9a556c05/go.mod h1:SooM96OIpihI7iMZhVGbpiiO9Qevqv8vXxHlwNtefd4=
github.com/tmthrgd/go-bitwise v0.0.0-20190904053232-1430ee983fca h1:Ns4/7EvYZ7FxKiKnEMkMMAPtoR/ifUgRsvk7lzlOtPY=
github.com/tmthrgd/go-bitwise v0.0.0-20190904053232-1430ee983fca/go.mod h1:Ba4ek/h+sJUzTQ03ZGD1r0lazhxd7CBoEQzFk/icxxU=
github.com/tmthrgd/go-byte-test v0.0.0-20190904060354-2794345b9929 h1:EV5x10oS2/QrR1RwniFQW1i22d/iyX/emvvMjHT32CA=
github.com/tmthrgd/go-byte-test v0.0.0-20190904060354-2794345b9929/go.mod h1:MEz1Lt0fxSL/ZgE7VN3yUJV0sP5I5aYecYLd9y/viEs=
github.com/tmthrgd/go-hex v0.0.0-20190904060850-447a3041c3bc h1:9lRDQMhESg+zvGYmW5DyG0UqvY96Bu5QYsTLvCHdrgo=
github.com/tmthrgd/go-hex v0.0.0-20190904060850-447a3041c3bc/go.mod h1:bciPuU6GHm1iF1pBvUfxfsH0Wmnc2VbpgvbI9ZWuIRs=
github.com/tmthrgd/go-memset v0.0.0-20190904060434-6fb7a21f88f1 h1:KfSLDmc6rrLHr//urKbNApu51nt2AzdrwBCxqq0gRlk=
github.com/tmthrgd/go-memset v0.0.0-20190904060434-6fb7a21f88f1/go.mod h1:xUkvcKF3VBDKFmmqCtW333lognWBHzSScj4fgjVB0Ek=
github.com/tmthrgd/go-popcount v0.0.0-20190904054823-afb1ace8b04f h1:Phf2p9+twoHct5ZjSTrI8K7iWeSxO4x1p5pShTl0J00=
github.com/tmthrgd/go-popcount v0.0.0-20190904054823-afb1ace8b04f/go.mod h1:FcUQfrsAsSSqM3n9xf4EtPzB8tWzt58/y0AV+wNNM8Q=
golang.org/x/sys v0.0.0-20221006211917-84dc82d7e875 h1:AzgQNqF+FKwyQ5LbVrVqOcuuFB67N47F9+htZYH0wFM=
golang.org/x/sys v0.0.0-20221006211917-84dc82d7e875/go.mod h1:oPkhp1MJrh7nUepCBck5+mAzfO9JrbApNNgaTdGDITg=
